# This file is autogenerated, do not edit; changes may be undone by the next 'dep ensure'.


[[projects]]
  branch = "v3"
  digest = "1:7388652e2215a3f45d341d58766ed58317971030eb1cbd75f005f96ace8e9196"
  name = "gopkg.in/alexcesaro/quotedprintable.v3"
  packages = ["."]
  pruneopts = "UT"
  revision = "2caba252f4dc53eaf6b553000885530023f54623"

[[projects]]
  digest = "1:eebd52aee67d9f1e0af1859a584e14b1817581dd5f90d4585418c27b6a93c966"
  name = "gopkg.in/gomail.v2"
  packages = ["."]
  pruneopts = "UT"
  revision = "41f3572897373c5538c50a2402db15db079fa4fd"
  version = "2.0.0"

[solve-meta]
  analyzer-name = "dep"
  analyzer-version = 1
  input-imports = ["gopkg.in/gomail.v2"]
  solver-name = "gps-cdcl"
  solver-version = 1
